
Microsoft Visual Studio Solution File, Format Version 12.00
# Visual Studio Version 17
VisualStudioVersion = 17.11.35312.102
MinimumVisualStudioVersion = 10.0.40219.1
Project("{FAE04EC0-301F-11D3-BF4B-00C04F79EFBC}") = "BTL", "BTL\BTL.csproj", "{EEA961AB-ED3B-4479-B235-56C62A45527C}"
EndProject
Global
	GlobalSection(SolutionConfigurationPlatforms) = preSolution
		Debug|Any CPU = Debug|Any CPU
		Release|Any CPU = Release|Any CPU
	EndGlobalSection
	GlobalSection(ProjectConfigurationPlatforms) = postSolution
		{EEA961AB-ED3B-4479-B235-56C62A45527C}.Debug|Any CPU.ActiveCfg = Debug|Any CPU
		{EEA961AB-ED3B-4479-B235-56C62A45527C}.Debug|Any CPU.Build.0 = Debug|Any CPU
		{EEA961AB-ED3B-4479-B235-56C62A45527C}.Release|Any CPU.ActiveCfg = Release|Any CPU
		{EEA961AB-ED3B-4479-B235-56C62A45527C}.Release|Any CPU.Build.0 = Release|Any CPU
	EndGlobalSection
	GlobalSection(SolutionProperties) = preSolution
		HideSolutionNode = FALSE
	EndGlobalSection
	GlobalSection(ExtensibilityGlobals) = postSolution
		SolutionGuid = {38F9DDE9-B42A-454C-ADB0-4A4056513287}
	EndGlobalSection
EndGlobal
